
Microsoft Visual Studio Solution File, Format Version 12.00
# Visual Studio Version 17
VisualStudioVersion = 17.7.34031.279
MinimumVisualStudioVersion = 10.0.40219.1
Project("{FAE04EC0-301F-11D3-BF4B-00C04F79EFBC}") = "Calculadora_Impostos_Importacao", "Calculadora_Impostos_Importacao.csproj", "{5A4C1ED7-E922-4E5E-977E-AE4E0E26B658}"
EndProject
Global
	GlobalSection(SolutionConfigurationPlatforms) = preSolution
		Debug|Any CPU = Debug|Any CPU
		Release|Any CPU = Release|Any CPU
	EndGlobalSection
	GlobalSection(ProjectConfigurationPlatforms) = postSolution
		{5A4C1ED7-E922-4E5E-977E-AE4E0E26B658}.Debug|Any CPU.ActiveCfg = Debug|Any CPU
		{5A4C1ED7-E922-4E5E-977E-AE4E0E26B658}.Debug|Any CPU.Build.0 = Debug|Any CPU
		{5A4C1ED7-E922-4E5E-977E-AE4E0E26B658}.Release|Any CPU.ActiveCfg = Release|Any CPU
		{5A4C1ED7-E922-4E5E-977E-AE4E0E26B658}.Release|Any CPU.Build.0 = Release|Any CPU
	EndGlobalSection
	GlobalSection(SolutionProperties) = preSolution
		HideSolutionNode = FALSE
	EndGlobalSection
	GlobalSection(ExtensibilityGlobals) = postSolution
		SolutionGuid = {5C9DEB90-CA48-47F7-BC5E-984E737221BB}
	EndGlobalSection
EndGlobal
